
Microsoft Visual Studio Solution File, Format Version 12.00
# Visual Studio Version 17
VisualStudioVersion = 17.10.35027.167
MinimumVisualStudioVersion = 10.0.40219.1
Project("{FAE04EC0-301F-11D3-BF4B-00C04F79EFBC}") = "EF-Core-1", "EF-Core-1.csproj", "{FC5440BF-F432-4F01-89EF-731302AF4A3A}"
EndProject
Project("{FAE04EC0-301F-11D3-BF4B-00C04F79EFBC}") = "Demo", "..\Demo\Demo.csproj", "{0DE59E65-E2A8-421C-B89B-60832C2454D4}"
EndProject
Global
	GlobalSection(SolutionConfigurationPlatforms) = preSolution
		Debug|Any CPU = Debug|Any CPU
		Release|Any CPU = Release|Any CPU
	EndGlobalSection
	GlobalSection(ProjectConfigurationPlatforms) = postSolution
		{FC5440BF-F432-4F01-89EF-731302AF4A3A}.Debug|Any CPU.ActiveCfg = Debug|Any CPU
		{FC5440BF-F432-4F01-89EF-731302AF4A3A}.Debug|Any CPU.Build.0 = Debug|Any CPU
		{FC5440BF-F432-4F01-89EF-731302AF4A3A}.Release|Any CPU.ActiveCfg = Release|Any CPU
		{FC5440BF-F432-4F01-89EF-731302AF4A3A}.Release|Any CPU.Build.0 = Release|Any CPU
		{0DE59E65-E2A8-421C-B89B-60832C2454D4}.Debug|Any CPU.ActiveCfg = Debug|Any CPU
		{0DE59E65-E2A8-421C-B89B-60832C2454D4}.Debug|Any CPU.Build.0 = Debug|Any CPU
		{0DE59E65-E2A8-421C-B89B-60832C2454D4}.Release|Any CPU.ActiveCfg = Release|Any CPU
		{0DE59E65-E2A8-421C-B89B-60832C2454D4}.Release|Any CPU.Build.0 = Release|Any CPU
	EndGlobalSection
	GlobalSection(SolutionProperties) = preSolution
		HideSolutionNode = FALSE
	EndGlobalSection
	GlobalSection(ExtensibilityGlobals) = postSolution
		SolutionGuid = {5419E097-B193-4A82-AC6F-6AE02B26CE81}
	EndGlobalSection
EndGlobal
